
Microsoft Visual Studio Solution File, Format Version 11.00
# Visual Studio 2010
Project("{8BC9CEB8-8B4A-11D0-8D11-00A0C91BC942}") = "List", "List\List.vcxproj", "{F153B17C-4C0D-4312-96E7-04023B71DE66}"
EndProject
Global
	GlobalSection(SolutionConfigurationPlatforms) = preSolution
		Debug|Win32 = Debug|Win32
		Release|Win32 = Release|Win32
	EndGlobalSection
	GlobalSection(ProjectConfigurationPlatforms) = postSolution
		{F153B17C-4C0D-4312-96E7-04023B71DE66}.Debug|Win32.ActiveCfg = Debug|Win32
		{F153B17C-4C0D-4312-96E7-04023B71DE66}.Debug|Win32.Build.0 = Debug|Win32
		{F153B17C-4C0D-4312-96E7-04023B71DE66}.Release|Win32.ActiveCfg = Release|Win32
		{F153B17C-4C0D-4312-96E7-04023B71DE66}.Release|Win32.Build.0 = Release|Win32
	EndGlobalSection
	GlobalSection(SolutionProperties) = preSolution
		HideSolutionNode = FALSE
	EndGlobalSection
EndGlobal
